
Microsoft Visual Studio Solution File, Format Version 12.00
# Visual Studio 15
VisualStudioVersion = 15.0.27703.2042
MinimumVisualStudioVersion = 10.0.40219.1
Project("{8BC9CEB8-8B4A-11D0-8D11-00A0C91BC942}") = "OpenCV First_Try", "OpenCV First_Try\OpenCV First_Try.vcxproj", "{E12ADF5B-1C8F-4017-BA5F-AF847D89E633}"
EndProject
Global
	GlobalSection(SolutionConfigurationPlatforms) = preSolution
		Debug|x64 = Debug|x64
		Debug|x86 = Debug|x86
		Release|x64 = Release|x64
		Release|x86 = Release|x86
	EndGlobalSection
	GlobalSection(ProjectConfigurationPlatforms) = postSolution
		{E12ADF5B-1C8F-4017-BA5F-AF847D89E633}.Debug|x64.ActiveCfg = Debug|x64
		{E12ADF5B-1C8F-4017-BA5F-AF847D89E633}.Debug|x64.Build.0 = Debug|x64
		{E12ADF5B-1C8F-4017-BA5F-AF847D89E633}.Debug|x86.ActiveCfg = Debug|Win32
		{E12ADF5B-1C8F-4017-BA5F-AF847D89E633}.Debug|x86.Build.0 = Debug|Win32
		{E12ADF5B-1C8F-4017-BA5F-AF847D89E633}.Release|x64.ActiveCfg = Release|x64
		{E12ADF5B-1C8F-4017-BA5F-AF847D89E633}.Release|x64.Build.0 = Release|x64
		{E12ADF5B-1C8F-4017-BA5F-AF847D89E633}.Release|x86.ActiveCfg = Release|Win32
		{E12ADF5B-1C8F-4017-BA5F-AF847D89E633}.Release|x86.Build.0 = Release|Win32
	EndGlobalSection
	GlobalSection(SolutionProperties) = preSolution
		HideSolutionNode = FALSE
	EndGlobalSection
	GlobalSection(ExtensibilityGlobals) = postSolution
		SolutionGuid = {7164C797-6D11-4442-AE97-94628E967C6F}
	EndGlobalSection
EndGlobal
